<?xml version="1.0" encoding="utf-8"?>
<Project ToolsVersion="4.0" xmlns="http://schemas.microsoft.com/developer/msbuild/2003">
  <ItemGroup>
    <ClCompile Include="..\src\AdminService.cpp">
      <Filter>src</Filter>
    </ClCompile>
    <ClCompile Include="..\src\AuditService.cpp">
      <Filter>src</Filter>
    </ClCompile>
    <ClCompile Include="..\src\AuthService.cpp">
      <Filter>src</Filter>
    </ClCompile>
    <ClCompile Include="src\BackendBridge.cpp">
      <Filter>src</Filter>
    </ClCompile>
    <ClCompile Include="src\ofApp.cpp">
      <Filter>src</Filter>
    </ClCompile>
    <ClCompile Include="src\main.cpp">
      <Filter>src</Filter>
    </ClCompile>
    <ClCompile Include="..\src\CryptoService.cpp">
      <Filter>src</Filter>
    </ClCompile>
    <ClCompile Include="..\src\MfaService.cpp">
      <Filter>src</Filter>
    </ClCompile>
    <ClCompile Include="..\src\SearchService.cpp">
      <Filter>src</Filter>
    </ClCompile>
    <ClCompile Include="src\Button.cpp">
      <Filter>src</Filter>
    </ClCompile>
    <ClCompile Include="src\ScrollBar.cpp">
      <Filter>src</Filter>
    </ClCompile>
    <ClCompile Include="..\src\VaultService.cpp">
      <Filter>src</Filter>
    </ClCompile>
  </ItemGroup>
  <ItemGroup>
    <Filter Include="src">
      <UniqueIdentifier>{d8376475-7454-4a24-b08a-aac121d3ad6f}</UniqueIdentifier>
    </Filter>
    <Filter Include="addons">
      <UniqueIdentifier>{71834F65-F3A9-211E-73B8-DC85}</UniqueIdentifier>
    </Filter>
  </ItemGroup>
  <ItemGroup>
    <ClInclude Include="..\include\password_manager_backend\AdminService.hpp">
      <Filter>src</Filter>
    </ClInclude>
    <ClInclude Include="..\include\password_manager_backend\AuditService.hpp">
      <Filter>src</Filter>
    </ClInclude>
    <ClInclude Include="..\include\password_manager_backend\AuthService.hpp">
      <Filter>src</Filter>
    </ClInclude>
    <ClInclude Include="src\BackendBridge.h">
      <Filter>src</Filter>
    </ClInclude>
    <ClInclude Include="src\ofApp.h">
      <Filter>src</Filter>
    </ClInclude>
    <ClInclude Include="..\include\password_manager_backend\CryptoService.hpp">
      <Filter>src</Filter>
    </ClInclude>
    <ClInclude Include="..\include\password_manager_backend\MfaService.hpp">
      <Filter>src</Filter>
    </ClInclude>
    <ClInclude Include="..\include\password_manager_backend\Models.hpp">
      <Filter>src</Filter>
    </ClInclude>
    <ClInclude Include="..\include\password_manager_backend\Repositories.hpp">
      <Filter>src</Filter>
    </ClInclude>
    <ClInclude Include="..\include\password_manager_backend\SearchService.hpp">
      <Filter>src</Filter>
    </ClInclude>
    <ClInclude Include="..\include\password_manager_backend\VaultService.hpp">
      <Filter>src</Filter>
    </ClInclude>
    <ClInclude Include="Button.h">
      <Filter>src</Filter>
    </ClInclude>
    <ClInclude Include="src\PasswordEntry.h">
      <Filter>src</Filter>
    </ClInclude>
    <ClInclude Include="src\ScrollBar.h">
      <Filter>src</Filter>
    </ClInclude>
  </ItemGroup>
  <ItemGroup>
    <ResourceCompile Include="icon.rc" />
  </ItemGroup>
</Project>
